{
  "requires": true,
  "lockfileVersion": 1,
  "dependencies": {
    "digraphe": {
      "version": "1.0.5",
      "resolved": "https://registry.npmjs.org/digraphe/-/digraphe-1.0.5.tgz",
      "integrity": "sha512-NLXKzRX42P98Ztj+Tjwf8Yff5dgpP8yPZ3O9Jdlx8a9O+A3zNsv7wChcTSPP6DMn3N/Ic0x4p7BhvMMU/SFO4Q==",
      "requires": {
        "lodash": "^4.17.4"
      }
    },
    "double-ended-queue": {
      "version": "2.1.0-0",
      "resolved": "https://registry.npmjs.org/double-ended-queue/-/double-ended-queue-2.1.0-0.tgz",
      "integrity": "sha1-ED01J/0xUo9AGIEwyEHv3XgmTlw="
    },
    "lodash": {
      "version": "4.17.20",
      "resolved": "https://registry.npmjs.org/lodash/-/lodash-4.17.20.tgz",
      "integrity": "sha512-PlhdFcillOINfeV7Ni6oF1TAEayyZBoZ8bcshTHqOYJYlrqzRK5hagpagky5o4HfCzzd1TRkXPMFq6cKk9rGmA=="
    }
  }
}
